// !$*UTF8*$!
{
	archiveVersion = 1;
	classes = {
	};
	objectVersion = 56;
	objects = {

/* Begin PBXBuildFile section */
		0428D263C5A224DAF40DEBD5 /* Pods_AspectRatio.framework in Frameworks */ = {isa = PBXBuildFile; fileRef = 9858414A88FCF14D1FAA2221 /* Pods_AspectRatio.framework */; };
		12198C0428FC004D00F1ED90 /* AppDelegate.swift in Sources */ = {isa = PBXBuildFile; fileRef = 12198C0328FC004D00F1ED90 /* AppDelegate.swift */; };
		12198C0628FC004D00F1ED90 /* SceneDelegate.swift in Sources */ = {isa = PBXBuildFile; fileRef = 12198C0528FC004D00F1ED90 /* SceneDelegate.swift */; };
		12198C0828FC004D00F1ED90 /* CalculateVC.swift in Sources */ = {isa = PBXBuildFile; fileRef = 12198C0728FC004D00F1ED90 /* CalculateVC.swift */; };
		12198C0B28FC004D00F1ED90 /* Main.storyboard in Resources */ = {isa = PBXBuildFile; fileRef = 12198C0928FC004D00F1ED90 /* Main.storyboard */; };
		12198C0D28FC004D00F1ED90 /* Assets.xcassets in Resources */ = {isa = PBXBuildFile; fileRef = 12198C0C28FC004D00F1ED90 /* Assets.xcassets */; };
		12198C1028FC004D00F1ED90 /* LaunchScreen.storyboard in Resources */ = {isa = PBXBuildFile; fileRef = 12198C0E28FC004D00F1ED90 /* LaunchScreen.storyboard */; };
		12198C1828FC389D00F1ED90 /* UIViewController+Ext.swift in Sources */ = {isa = PBXBuildFile; fileRef = 12198C1728FC389D00F1ED90 /* UIViewController+Ext.swift */; };
		12198C1A28FC398300F1ED90 /* AspectRatioCalculator.swift in Sources */ = {isa = PBXBuildFile; fileRef = 12198C1928FC398200F1ED90 /* AspectRatioCalculator.swift */; };
		12198C1C28FC3C7700F1ED90 /* String+Ext.swift in Sources */ = {isa = PBXBuildFile; fileRef = 12198C1B28FC3C7700F1ED90 /* String+Ext.swift */; };
/* End PBXBuildFile section */

/* Begin PBXFileReference section */
		09666237506C752A7E846EF2 /* Pods-AspectRatio.release.xcconfig */ = {isa = PBXFileReference; includeInIndex = 1; lastKnownFileType = text.xcconfig; name = "Pods-AspectRatio.release.xcconfig"; path = "Target Support Files/Pods-AspectRatio/Pods-AspectRatio.release.xcconfig"; sourceTree = "<group>"; };
		11A99B481BD7B04A0B86A220 /* Pods-AspectRatio.debug.xcconfig */ = {isa = PBXFileReference; includeInIndex = 1; lastKnownFileType = text.xcconfig; name = "Pods-AspectRatio.debug.xcconfig"; path = "Target Support Files/Pods-AspectRatio/Pods-AspectRatio.debug.xcconfig"; sourceTree = "<group>"; };
		12198C0028FC004D00F1ED90 /* AspectRatio.app */ = {isa = PBXFileReference; explicitFileType = wrapper.application; includeInIndex = 0; path = AspectRatio.app; sourceTree = BUILT_PRODUCTS_DIR; };
		12198C0328FC004D00F1ED90 /* AppDelegate.swift */ = {isa = PBXFileReference; lastKnownFileType = sourcecode.swift; path = AppDelegate.swift; sourceTree = "<group>"; };
		12198C0528FC004D00F1ED90 /* SceneDelegate.swift */ = {isa = PBXFileReference; lastKnownFileType = sourcecode.swift; path = SceneDelegate.swift; sourceTree = "<group>"; };
		12198C0728FC004D00F1ED90 /* CalculateVC.swift */ = {isa = PBXFileReference; lastKnownFileType = sourcecode.swift; path = CalculateVC.swift; sourceTree = "<group>"; };
		12198C0A28FC004D00F1ED90 /* Base */ = {isa = PBXFileReference; lastKnownFileType = file.storyboard; name = Base; path = Base.lproj/Main.storyboard; sourceTree = "<group>"; };
		12198C0C28FC004D00F1ED90 /* Assets.xcassets */ = {isa = PBXFileReference; lastKnownFileType = folder.assetcatalog; path = Assets.xcassets; sourceTree = "<group>"; };
		12198C0F28FC004D00F1ED90 /* Base */ = {isa = PBXFileReference; lastKnownFileType = file.storyboard; name = Base; path = Base.lproj/LaunchScreen.storyboard; sourceTree = "<group>"; };
		12198C1128FC004D00F1ED90 /* Info.plist */ = {isa = PBXFileReference; lastKnownFileType = text.plist.xml; path = Info.plist; sourceTree = "<group>"; };
		12198C1728FC389D00F1ED90 /* UIViewController+Ext.swift */ = {isa = PBXFileReference; lastKnownFileType = sourcecode.swift; path = "UIViewController+Ext.swift"; sourceTree = "<group>"; };
		12198C1928FC398200F1ED90 /* AspectRatioCalculator.swift */ = {isa = PBXFileReference; lastKnownFileType = sourcecode.swift; path = AspectRatioCalculator.swift; sourceTree = "<group>"; };
		12198C1B28FC3C7700F1ED90 /* String+Ext.swift */ = {isa = PBXFileReference; lastKnownFileType = sourcecode.swift; path = "String+Ext.swift"; sourceTree = "<group>"; };
		9858414A88FCF14D1FAA2221 /* Pods_AspectRatio.framework */ = {isa = PBXFileReference; explicitFileType = wrapper.framework; includeInIndex = 0; path = Pods_AspectRatio.framework; sourceTree = BUILT_PRODUCTS_DIR; };
/* End PBXFileReference section */

/* Begin PBXFrameworksBuildPhase section */
		12198BFD28FC004D00F1ED90 /* Frameworks */ = {
			isa = PBXFrameworksBuildPhase;
			buildActionMask = 2147483647;
			files = (
				0428D263C5A224DAF40DEBD5 /* Pods_AspectRatio.framework in Frameworks */,
			);
			runOnlyForDeploymentPostprocessing = 0;
		};
/* End PBXFrameworksBuildPhase section */

/* Begin PBXGroup section */
		12198BF728FC004D00F1ED90 = {
			isa = PBXGroup;
			children = (
				12198C0228FC004D00F1ED90 /* AspectRatio */,
				12198C0128FC004D00F1ED90 /* Products */,
				2365B2FF34E0825EE1326778 /* Pods */,
				989D56582964DF623DC2D210 /* Frameworks */,
			);
			sourceTree = "<group>";
		};
		12198C0128FC004D00F1ED90 /* Products */ = {
			isa = PBXGroup;
			children = (
				12198C0028FC004D00F1ED90 /* AspectRatio.app */,
			);
			name = Products;
			sourceTree = "<group>";
		};
		12198C0228FC004D00F1ED90 /* AspectRatio */ = {
			isa = PBXGroup;
			children = (
				12198C0328FC004D00F1ED90 /* AppDelegate.swift */,
				12198C0528FC004D00F1ED90 /* SceneDelegate.swift */,
				12198C0728FC004D00F1ED90 /* CalculateVC.swift */,
				12198C1B28FC3C7700F1ED90 /* String+Ext.swift */,
				12198C1728FC389D00F1ED90 /* UIViewController+Ext.swift */,
				12198C1928FC398200F1ED90 /* AspectRatioCalculator.swift */,
				12198C0928FC004D00F1ED90 /* Main.storyboard */,
				12198C0C28FC004D00F1ED90 /* Assets.xcassets */,
				12198C0E28FC004D00F1ED90 /* LaunchScreen.storyboard */,
				12198C1128FC004D00F1ED90 /* Info.plist */,
			);
			path = AspectRatio;
			sourceTree = "<group>";
		};
		2365B2FF34E0825EE1326778 /* Pods */ = {
			isa = PBXGroup;
			children = (
				11A99B481BD7B04A0B86A220 /* Pods-AspectRatio.debug.xcconfig */,
				09666237506C752A7E846EF2 /* Pods-AspectRatio.release.xcconfig */,
			);
			name = Pods;
			path = Pods;
			sourceTree = "<group>";
		};
		989D56582964DF623DC2D210 /* Frameworks */ = {
			isa = PBXGroup;
			children = (
				9858414A88FCF14D1FAA2221 /* Pods_AspectRatio.framework */,
			);
			name = Frameworks;
			sourceTree = "<group>";
		};
/* End PBXGroup section */

/* Begin PBXNativeTarget section */
		12198BFF28FC004D00F1ED90 /* AspectRatio */ = {
			isa = PBXNativeTarget;
			buildConfigurationList = 12198C1428FC004D00F1ED90 /* Build configuration list for PBXNativeTarget "AspectRatio" */;
			buildPhases = (
				062BD8CE5126842EAAD93D8B /* [CP] Check Pods Manifest.lock */,
				12198BFC28FC004D00F1ED90 /* Sources */,
				12198BFD28FC004D00F1ED90 /* Frameworks */,
				12198BFE28FC004D00F1ED90 /* Resources */,
				81E27706092205122B2B2427 /* [CP] Embed Pods Frameworks */,
			);
			buildRules = (
			);
			dependencies = (
			);
			name = AspectRatio;
			productName = AspectRatio;
			productReference = 12198C0028FC004D00F1ED90 /* AspectRatio.app */;
			productType = "com.apple.product-type.application";
		};
/* End PBXNativeTarget section */

/* Begin PBXProject section */
		12198BF828FC004D00F1ED90 /* Project object */ = {
			isa = PBXProject;
			attributes = {
				BuildIndependentTargetsInParallel = 1;
				LastSwiftUpdateCheck = 1400;
				LastUpgradeCheck = 1400;
				TargetAttributes = {
					12198BFF28FC004D00F1ED90 = {
						CreatedOnToolsVersion = 14.0.1;
					};
				};
			};
			buildConfigurationList = 12198BFB28FC004D00F1ED90 /* Build configuration list for PBXProject "AspectRatio" */;
			compatibilityVersion = "Xcode 14.0";
			developmentRegion = en;
			hasScannedForEncodings = 0;
			knownRegions = (
				en,
				Base,
			);
			mainGroup = 12198BF728FC004D00F1ED90;
			productRefGroup = 12198C0128FC004D00F1ED90 /* Products */;
			projectDirPath = "";
			projectRoot = "";
			targets = (
				12198BFF28FC004D00F1ED90 /* AspectRatio */,
			);
		};
/* End PBXProject section */

/* Begin PBXResourcesBuildPhase section */
		12198BFE28FC004D00F1ED90 /* Resources */ = {
			isa = PBXResourcesBuildPhase;
			buildActionMask = 2147483647;
			files = (
				12198C1028FC004D00F1ED90 /* LaunchScreen.storyboard in Resources */,
				12198C0D28FC004D00F1ED90 /* Assets.xcassets in Resources */,
				12198C0B28FC004D00F1ED90 /* Main.storyboard in Resources */,
			);
			runOnlyForDeploymentPostprocessing = 0;
		};
/* End PBXResourcesBuildPhase section */

/* Begin PBXShellScriptBuildPhase section */
		062BD8CE5126842EAAD93D8B /* [CP] Check Pods Manifest.lock */ = {
			isa = PBXShellScriptBuildPhase;
			buildActionMask = 2147483647;
			files = (
			);
			inputFileListPaths = (
			);
			inputPaths = (
				"${PODS_PODFILE_DIR_PATH}/Podfile.lock",
				"${PODS_ROOT}/Manifest.lock",
			);
			name = "[CP] Check Pods Manifest.lock";
			outputFileListPaths = (
			);
			outputPaths = (
				"$(DERIVED_FILE_DIR)/Pods-AspectRatio-checkManifestLockResult.txt",
			);
			runOnlyForDeploymentPostprocessing = 0;
			shellPath = /bin/sh;
			shellScript = "diff \"${PODS_PODFILE_DIR_PATH}/Podfile.lock\" \"${PODS_ROOT}/Manifest.lock\" > /dev/null\nif [ $? != 0 ] ; then\n    # print error to STDERR\n    echo \"error: The sandbox is not in sync with the Podfile.lock. Run 'pod install' or update your CocoaPods installation.\" >&2\n    exit 1\nfi\n# This output is used by Xcode 'outputs' to avoid re-running this script phase.\necho \"SUCCESS\" > \"${SCRIPT_OUTPUT_FILE_0}\"\n";
			showEnvVarsInLog = 0;
		};
		81E27706092205122B2B2427 /* [CP] Embed Pods Frameworks */ = {
			isa = PBXShellScriptBuildPhase;
			buildActionMask = 2147483647;
			files = (
			);
			inputFileListPaths = (
				"${PODS_ROOT}/Target Support Files/Pods-AspectRatio/Pods-AspectRatio-frameworks-${CONFIGURATION}-input-files.xcfilelist",
			);
			name = "[CP] Embed Pods Frameworks";
			outputFileListPaths = (
				"${PODS_ROOT}/Target Support Files/Pods-AspectRatio/Pods-AspectRatio-frameworks-${CONFIGURATION}-output-files.xcfilelist",
			);
			runOnlyForDeploymentPostprocessing = 0;
			shellPath = /bin/sh;
			shellScript = "\"${PODS_ROOT}/Target Support Files/Pods-AspectRatio/Pods-AspectRatio-frameworks.sh\"\n";
			showEnvVarsInLog = 0;
		};
/* End PBXShellScriptBuildPhase section */

/* Begin PBXSourcesBuildPhase section */
		12198BFC28FC004D00F1ED90 /* Sources */ = {
			isa = PBXSourcesBuildPhase;
			buildActionMask = 2147483647;
			files = (
				12198C1C28FC3C7700F1ED90 /* String+Ext.swift in Sources */,
				12198C0828FC004D00F1ED90 /* CalculateVC.swift in Sources */,
				12198C0428FC004D00F1ED90 /* AppDelegate.swift in Sources */,
				12198C1A28FC398300F1ED90 /* AspectRatioCalculator.swift in Sources */,
				12198C1828FC389D00F1ED90 /* UIViewController+Ext.swift in Sources */,
				12198C0628FC004D00F1ED90 /* SceneDelegate.swift in Sources */,
			);
			runOnlyForDeploymentPostprocessing = 0;
		};
/* End PBXSourcesBuildPhase section */

/* Begin PBXVariantGroup section */
		12198C0928FC004D00F1ED90 /* Main.storyboard */ = {
			isa = PBXVariantGroup;
			children = (
				12198C0A28FC004D00F1ED90 /* Base */,
			);
			name = Main.storyboard;
			sourceTree = "<group>";
		};
		12198C0E28FC004D00F1ED90 /* LaunchScreen.storyboard */ = {
			isa = PBXVariantGroup;
			children = (
				12198C0F28FC004D00F1ED90 /* Base */,
			);
			name = LaunchScreen.storyboard;
			sourceTree = "<group>";
		};
/* End PBXVariantGroup section */

/* Begin XCBuildConfiguration section */
		12198C1228FC004D00F1ED90 /* Debug */ = {
			isa = XCBuildConfiguration;
			buildSettings = {
				ALWAYS_SEARCH_USER_PATHS = NO;
				CLANG_ANALYZER_NONNULL = YES;
				CLANG_ANALYZER_NUMBER_OBJECT_CONVERSION = YES_AGGRESSIVE;
				CLANG_CXX_LANGUAGE_STANDARD = "gnu++20";
				CLANG_ENABLE_MODULES = YES;
				CLANG_ENABLE_OBJC_ARC = YES;
				CLANG_ENABLE_OBJC_WEAK = YES;
				CLANG_WARN_BLOCK_CAPTURE_AUTORELEASING = YES;
				CLANG_WARN_BOOL_CONVERSION = YES;
				CLANG_WARN_COMMA = YES;
				CLANG_WARN_CONSTANT_CONVERSION = YES;
				CLANG_WARN_DEPRECATED_OBJC_IMPLEMENTATIONS = YES;
				CLANG_WARN_DIRECT_OBJC_ISA_USAGE = YES_ERROR;
				CLANG_WARN_DOCUMENTATION_COMMENTS = YES;
				CLANG_WARN_EMPTY_BODY = YES;
				CLANG_WARN_ENUM_CONVERSION = YES;
				CLANG_WARN_INFINITE_RECURSION = YES;
				CLANG_WARN_INT_CONVERSION = YES;
				CLANG_WARN_NON_LITERAL_NULL_CONVERSION = YES;
				CLANG_WARN_OBJC_IMPLICIT_RETAIN_SELF = YES;
				CLANG_WARN_OBJC_LITERAL_CONVERSION = YES;
				CLANG_WARN_OBJC_ROOT_CLASS = YES_ERROR;
				CLANG_WARN_QUOTED_INCLUDE_IN_FRAMEWORK_HEADER = YES;
				CLANG_WARN_RANGE_LOOP_ANALYSIS = YES;
				CLANG_WARN_STRICT_PROTOTYPES = YES;
				CLANG_WARN_SUSPICIOUS_MOVE = YES;
				CLANG_WARN_UNGUARDED_AVAILABILITY = YES_AGGRESSIVE;
				CLANG_WARN_UNREACHABLE_CODE = YES;
				CLANG_WARN__DUPLICATE_METHOD_MATCH = YES;
				COPY_PHASE_STRIP = NO;
				DEBUG_INFORMATION_FORMAT = dwarf;
				ENABLE_STRICT_OBJC_MSGSEND = YES;
				ENABLE_TESTABILITY = YES;
				GCC_C_LANGUAGE_STANDARD = gnu11;
				GCC_DYNAMIC_NO_PIC = NO;
				GCC_NO_COMMON_BLOCKS = YES;
				GCC_OPTIMIZATION_LEVEL = 0;
				GCC_PREPROCESSOR_DEFINITIONS = (
					"DEBUG=1",
					"$(inherited)",
				);
				GCC_WARN_64_TO_32_BIT_CONVERSION = YES;
				GCC_WARN_ABOUT_RETURN_TYPE = YES_ERROR;
				GCC_WARN_UNDECLARED_SELECTOR = YES;
				GCC_WARN_UNINITIALIZED_AUTOS = YES_AGGRESSIVE;
				GCC_WARN_UNUSED_FUNCTION = YES;
				GCC_WARN_UNUSED_VARIABLE = YES;
				IPHONEOS_DEPLOYMENT_TARGET = 16.0;
				MTL_ENABLE_DEBUG_INFO = INCLUDE_SOURCE;
				MTL_FAST_MATH = YES;
				ONLY_ACTIVE_ARCH = YES;
				SDKROOT = iphoneos;
				SWIFT_ACTIVE_COMPILATION_CONDITIONS = DEBUG;
				SWIFT_OPTIMIZATION_LEVEL = "-Onone";
			};
			name = Debug;
		};
		12198C1328FC004D00F1ED90 /* Release */ = {
			isa = XCBuildConfiguration;
			buildSettings = {
				ALWAYS_SEARCH_USER_PATHS = NO;
				CLANG_ANALYZER_NONNULL = YES;
				CLANG_ANALYZER_NUMBER_OBJECT_CONVERSION = YES_AGGRESSIVE;
				CLANG_CXX_LANGUAGE_STANDARD = "gnu++20";
				CLANG_ENABLE_MODULES = YES;
				CLANG_ENABLE_OBJC_ARC = YES;
				CLANG_ENABLE_OBJC_WEAK = YES;
				CLANG_WARN_BLOCK_CAPTURE_AUTORELEASING = YES;
				CLANG_WARN_BOOL_CONVERSION = YES;
				CLANG_WARN_COMMA = YES;
				CLANG_WARN_CONSTANT_CONVERSION = YES;
				CLANG_WARN_DEPRECATED_OBJC_IMPLEMENTATIONS = YES;
				CLANG_WARN_DIRECT_OBJC_ISA_USAGE = YES_ERROR;
				CLANG_WARN_DOCUMENTATION_COMMENTS = YES;
				CLANG_WARN_EMPTY_BODY = YES;
				CLANG_WARN_ENUM_CONVERSION = YES;
				CLANG_WARN_INFINITE_RECURSION = YES;
				CLANG_WARN_INT_CONVERSION = YES;
				CLANG_WARN_NON_LITERAL_NULL_CONVERSION = YES;
				CLANG_WARN_OBJC_IMPLICIT_RETAIN_SELF = YES;
				CLANG_WARN_OBJC_LITERAL_CONVERSION = YES;
				CLANG_WARN_OBJC_ROOT_CLASS = YES_ERROR;
				CLANG_WARN_QUOTED_INCLUDE_IN_FRAMEWORK_HEADER = YES;
				CLANG_WARN_RANGE_LOOP_ANALYSIS = YES;
				CLANG_WARN_STRICT_PROTOTYPES = YES;
				CLANG_WARN_SUSPICIOUS_MOVE = YES;
				CLANG_WARN_UNGUARDED_AVAILABILITY = YES_AGGRESSIVE;
				CLANG_WARN_UNREACHABLE_CODE = YES;
				CLANG_WARN__DUPLICATE_METHOD_MATCH = YES;
				COPY_PHASE_STRIP = NO;
				DEBUG_INFORMATION_FORMAT = "dwarf-with-dsym";
				ENABLE_NS_ASSERTIONS = NO;
				ENABLE_STRICT_OBJC_MSGSEND = YES;
				GCC_C_LANGUAGE_STANDARD = gnu11;
				GCC_NO_COMMON_BLOCKS = YES;
				GCC_WARN_64_TO_32_BIT_CONVERSION = YES;
				GCC_WARN_ABOUT_RETURN_TYPE = YES_ERROR;
				GCC_WARN_UNDECLARED_SELECTOR = YES;
				GCC_WARN_UNINITIALIZED_AUTOS = YES_AGGRESSIVE;
				GCC_WARN_UNUSED_FUNCTION = YES;
				GCC_WARN_UNUSED_VARIABLE = YES;
				IPHONEOS_DEPLOYMENT_TARGET = 16.0;
				MTL_ENABLE_DEBUG_INFO = NO;
				MTL_FAST_MATH = YES;
				SDKROOT = iphoneos;
				SWIFT_COMPILATION_MODE = wholemodule;
				SWIFT_OPTIMIZATION_LEVEL = "-O";
				VALIDATE_PRODUCT = YES;
			};
			name = Release;
		};
		12198C1528FC004D00F1ED90 /* Debug */ = {
			isa = XCBuildConfiguration;
			baseConfigurationReference = 11A99B481BD7B04A0B86A220 /* Pods-AspectRatio.debug.xcconfig */;
			buildSettings = {
				ASSETCATALOG_COMPILER_APPICON_NAME = AppIcon;
				ASSETCATALOG_COMPILER_GLOBAL_ACCENT_COLOR_NAME = AccentColor;
				CODE_SIGN_STYLE = Automatic;
				CURRENT_PROJECT_VERSION = 1;
				DEVELOPMENT_TEAM = RPQ3VF2JBZ;
				GENERATE_INFOPLIST_FILE = YES;
				INFOPLIST_FILE = AspectRatio/Info.plist;
				INFOPLIST_KEY_UIApplicationSupportsIndirectInputEvents = YES;
				INFOPLIST_KEY_UILaunchStoryboardName = LaunchScreen;
				INFOPLIST_KEY_UIMainStoryboardFile = Main;
				INFOPLIST_KEY_UISupportedInterfaceOrientations_iPad = "UIInterfaceOrientationPortrait UIInterfaceOrientationPortraitUpsideDown UIInterfaceOrientationLandscapeLeft UIInterfaceOrientationLandscapeRight";
				INFOPLIST_KEY_UISupportedInterfaceOrientations_iPhone = "UIInterfaceOrientationPortrait UIInterfaceOrientationLandscapeLeft UIInterfaceOrientationLandscapeRight";
				LD_RUNPATH_SEARCH_PATHS = (
					"$(inherited)",
					"@executable_path/Frameworks",
				);
				MARKETING_VERSION = 1.0;
				PRODUCT_BUNDLE_IDENTIFIER = com.mfsaglam.AspectRatio;
				PRODUCT_NAME = "$(TARGET_NAME)";
				SWIFT_EMIT_LOC_STRINGS = YES;
				SWIFT_VERSION = 5.0;
				TARGETED_DEVICE_FAMILY = "1,2";
			};
			name = Debug;
		};
		12198C1628FC004D00F1ED90 /* Release */ = {
			isa = XCBuildConfiguration;
			baseConfigurationReference = 09666237506C752A7E846EF2 /* Pods-AspectRatio.release.xcconfig */;
			buildSettings = {
				ASSETCATALOG_COMPILER_APPICON_NAME = AppIcon;
				ASSETCATALOG_COMPILER_GLOBAL_ACCENT_COLOR_NAME = AccentColor;
				CODE_SIGN_STYLE = Automatic;
				CURRENT_PROJECT_VERSION = 1;
				DEVELOPMENT_TEAM = RPQ3VF2JBZ;
				GENERATE_INFOPLIST_FILE = YES;
				INFOPLIST_FILE = AspectRatio/Info.plist;
				INFOPLIST_KEY_UIApplicationSupportsIndirectInputEvents = YES;
				INFOPLIST_KEY_UILaunchStoryboardName = LaunchScreen;
				INFOPLIST_KEY_UIMainStoryboardFile = Main;
				INFOPLIST_KEY_UISupportedInterfaceOrientations_iPad = "UIInterfaceOrientationPortrait UIInterfaceOrientationPortraitUpsideDown UIInterfaceOrientationLandscapeLeft UIInterfaceOrientationLandscapeRight";
				INFOPLIST_KEY_UISupportedInterfaceOrientations_iPhone = "UIInterfaceOrientationPortrait UIInterfaceOrientationLandscapeLeft UIInterfaceOrientationLandscapeRight";
				LD_RUNPATH_SEARCH_PATHS = (
					"$(inherited)",
					"@executable_path/Frameworks",
				);
				MARKETING_VERSION = 1.0;
				PRODUCT_BUNDLE_IDENTIFIER = com.mfsaglam.AspectRatio;
				PRODUCT_NAME = "$(TARGET_NAME)";
				SWIFT_EMIT_LOC_STRINGS = YES;
				SWIFT_VERSION = 5.0;
				TARGETED_DEVICE_FAMILY = "1,2";
			};
			name = Release;
		};
/* End XCBuildConfiguration section */

/* Begin XCConfigurationList section */
		12198BFB28FC004D00F1ED90 /* Build configuration list for PBXProject "AspectRatio" */ = {
			isa = XCConfigurationList;
			buildConfigurations = (
				12198C1228FC004D00F1ED90 /* Debug */,
				12198C1328FC004D00F1ED90 /* Release */,
			);
			defaultConfigurationIsVisible = 0;
			defaultConfigurationName = Release;
		};
		12198C1428FC004D00F1ED90 /* Build configuration list for PBXNativeTarget "AspectRatio" */ = {
			isa = XCConfigurationList;
			buildConfigurations = (
				12198C1528FC004D00F1ED90 /* Debug */,
				12198C1628FC004D00F1ED90 /* Release */,
			);
			defaultConfigurationIsVisible = 0;
			defaultConfigurationName = Release;
		};
/* End XCConfigurationList section */
	};
	rootObject = 12198BF828FC004D00F1ED90 /* Project object */;
}
